
Microsoft Visual Studio Solution File, Format Version 12.00
# Visual Studio Version 17
VisualStudioVersion = 17.11.35327.3
MinimumVisualStudioVersion = 10.0.40219.1
Project("{FAE04EC0-301F-11D3-BF4B-00C04F79EFBC}") = "ConsoleBattleWars", "ConsoleBattleWars.csproj", "{DC726E7E-EB81-45A3-8260-2F89DCF2621B}"
EndProject
Global
	GlobalSection(SolutionConfigurationPlatforms) = preSolution
		Debug|Any CPU = Debug|Any CPU
		Release|Any CPU = Release|Any CPU
	EndGlobalSection
	GlobalSection(ProjectConfigurationPlatforms) = postSolution
		{DC726E7E-EB81-45A3-8260-2F89DCF2621B}.Debug|Any CPU.ActiveCfg = Debug|Any CPU
		{DC726E7E-EB81-45A3-8260-2F89DCF2621B}.Debug|Any CPU.Build.0 = Debug|Any CPU
		{DC726E7E-EB81-45A3-8260-2F89DCF2621B}.Release|Any CPU.ActiveCfg = Release|Any CPU
		{DC726E7E-EB81-45A3-8260-2F89DCF2621B}.Release|Any CPU.Build.0 = Release|Any CPU
	EndGlobalSection
	GlobalSection(SolutionProperties) = preSolution
		HideSolutionNode = FALSE
	EndGlobalSection
	GlobalSection(ExtensibilityGlobals) = postSolution
		SolutionGuid = {14F36585-D4EF-46C0-ADCE-1E02FA311CD5}
	EndGlobalSection
EndGlobal
